// !$*UTF8*$!
{
	archiveVersion = 1;
	classes = {
	};
	objectVersion = 50;
	objects = {

/* Begin PBXBuildFile section */
		CB84802820FC75A70039978A /* ImageProcessor.swift in Sources */ = {isa = PBXBuildFile; fileRef = CB84802720FC75A70039978A /* ImageProcessor.swift */; };
		CB84802A20FC7A2B0039978A /* TTSProcessor.swift in Sources */ = {isa = PBXBuildFile; fileRef = CB84802920FC7A2B0039978A /* TTSProcessor.swift */; };
		CBD0BBBA20FC6F8E00F54566 /* AppDelegate.swift in Sources */ = {isa = PBXBuildFile; fileRef = CBD0BBB920FC6F8E00F54566 /* AppDelegate.swift */; };
		CBD0BBBC20FC6F8E00F54566 /* CameraViewController.swift in Sources */ = {isa = PBXBuildFile; fileRef = CBD0BBBB20FC6F8E00F54566 /* CameraViewController.swift */; };
		CBD0BBBF20FC6F8E00F54566 /* Main.storyboard in Resources */ = {isa = PBXBuildFile; fileRef = CBD0BBBD20FC6F8E00F54566 /* Main.storyboard */; };
		CBD0BBC120FC6F9100F54566 /* Assets.xcassets in Resources */ = {isa = PBXBuildFile; fileRef = CBD0BBC020FC6F9100F54566 /* Assets.xcassets */; };
		CBD0BBC420FC6F9100F54566 /* LaunchScreen.storyboard in Resources */ = {isa = PBXBuildFile; fileRef = CBD0BBC220FC6F9100F54566 /* LaunchScreen.storyboard */; };
/* End PBXBuildFile section */

/* Begin PBXFileReference section */
		CB84802720FC75A70039978A /* ImageProcessor.swift */ = {isa = PBXFileReference; lastKnownFileType = sourcecode.swift; path = ImageProcessor.swift; sourceTree = "<group>"; };
		CB84802920FC7A2B0039978A /* TTSProcessor.swift */ = {isa = PBXFileReference; lastKnownFileType = sourcecode.swift; path = TTSProcessor.swift; sourceTree = "<group>"; };
		CBD0BBB620FC6F8E00F54566 /* hackinit2018-AI-Object-Detection-for-Blind.app */ = {isa = PBXFileReference; explicitFileType = wrapper.application; includeInIndex = 0; path = "hackinit2018-AI-Object-Detection-for-Blind.app"; sourceTree = BUILT_PRODUCTS_DIR; };
		CBD0BBB920FC6F8E00F54566 /* AppDelegate.swift */ = {isa = PBXFileReference; lastKnownFileType = sourcecode.swift; path = AppDelegate.swift; sourceTree = "<group>"; };
		CBD0BBBB20FC6F8E00F54566 /* CameraViewController.swift */ = {isa = PBXFileReference; lastKnownFileType = sourcecode.swift; path = CameraViewController.swift; sourceTree = "<group>"; };
		CBD0BBBE20FC6F8E00F54566 /* Base */ = {isa = PBXFileReference; lastKnownFileType = file.storyboard; name = Base; path = Base.lproj/Main.storyboard; sourceTree = "<group>"; };
		CBD0BBC020FC6F9100F54566 /* Assets.xcassets */ = {isa = PBXFileReference; lastKnownFileType = folder.assetcatalog; path = Assets.xcassets; sourceTree = "<group>"; };
		CBD0BBC320FC6F9100F54566 /* Base */ = {isa = PBXFileReference; lastKnownFileType = file.storyboard; name = Base; path = Base.lproj/LaunchScreen.storyboard; sourceTree = "<group>"; };
		CBD0BBC520FC6F9100F54566 /* Info.plist */ = {isa = PBXFileReference; lastKnownFileType = text.plist.xml; path = Info.plist; sourceTree = "<group>"; };
/* End PBXFileReference section */

/* Begin PBXFrameworksBuildPhase section */
		CBD0BBB320FC6F8E00F54566 /* Frameworks */ = {
			isa = PBXFrameworksBuildPhase;
			buildActionMask = 2147483647;
			files = (
			);
			runOnlyForDeploymentPostprocessing = 0;
		};
/* End PBXFrameworksBuildPhase section */

/* Begin PBXGroup section */
		CB84802B20FC7A370039978A /* View Controllers */ = {
			isa = PBXGroup;
			children = (
				CBD0BBBB20FC6F8E00F54566 /* CameraViewController.swift */,
			);
			path = "View Controllers";
			sourceTree = "<group>";
		};
		CB84802C20FC7A4C0039978A /* Models */ = {
			isa = PBXGroup;
			children = (
				CB84802920FC7A2B0039978A /* TTSProcessor.swift */,
				CB84802720FC75A70039978A /* ImageProcessor.swift */,
			);
			path = Models;
			sourceTree = "<group>";
		};
		CBD0BBAD20FC6F8E00F54566 = {
			isa = PBXGroup;
			children = (
				CBD0BBB820FC6F8E00F54566 /* hackinit2018-AI-Object-Detection-for-Blind */,
				CBD0BBB720FC6F8E00F54566 /* Products */,
			);
			sourceTree = "<group>";
		};
		CBD0BBB720FC6F8E00F54566 /* Products */ = {
			isa = PBXGroup;
			children = (
				CBD0BBB620FC6F8E00F54566 /* hackinit2018-AI-Object-Detection-for-Blind.app */,
			);
			name = Products;
			sourceTree = "<group>";
		};
		CBD0BBB820FC6F8E00F54566 /* hackinit2018-AI-Object-Detection-for-Blind */ = {
			isa = PBXGroup;
			children = (
				CB84802C20FC7A4C0039978A /* Models */,
				CB84802B20FC7A370039978A /* View Controllers */,
				CBD0BBB920FC6F8E00F54566 /* AppDelegate.swift */,
				CBD0BBBD20FC6F8E00F54566 /* Main.storyboard */,
				CBD0BBC020FC6F9100F54566 /* Assets.xcassets */,
				CBD0BBC220FC6F9100F54566 /* LaunchScreen.storyboard */,
				CBD0BBC520FC6F9100F54566 /* Info.plist */,
			);
			path = "hackinit2018-AI-Object-Detection-for-Blind";
			sourceTree = "<group>";
		};
/* End PBXGroup section */

/* Begin PBXNativeTarget section */
		CBD0BBB520FC6F8E00F54566 /* hackinit2018-AI-Object-Detection-for-Blind */ = {
			isa = PBXNativeTarget;
			buildConfigurationList = CBD0BBC820FC6F9100F54566 /* Build configuration list for PBXNativeTarget "hackinit2018-AI-Object-Detection-for-Blind" */;
			buildPhases = (
				CBD0BBB220FC6F8E00F54566 /* Sources */,
				CBD0BBB320FC6F8E00F54566 /* Frameworks */,
				CBD0BBB420FC6F8E00F54566 /* Resources */,
			);
			buildRules = (
			);
			dependencies = (
			);
			name = "hackinit2018-AI-Object-Detection-for-Blind";
			productName = "hackinit2018-AI-Object-Detection-for-Blind";
			productReference = CBD0BBB620FC6F8E00F54566 /* hackinit2018-AI-Object-Detection-for-Blind.app */;
			productType = "com.apple.product-type.application";
		};
/* End PBXNativeTarget section */

/* Begin PBXProject section */
		CBD0BBAE20FC6F8E00F54566 /* Project object */ = {
			isa = PBXProject;
			attributes = {
				LastSwiftUpdateCheck = 0940;
				LastUpgradeCheck = 0940;
				ORGANIZATIONNAME = Maverick;
				TargetAttributes = {
					CBD0BBB520FC6F8E00F54566 = {
						CreatedOnToolsVersion = 9.4.1;
					};
				};
			};
			buildConfigurationList = CBD0BBB120FC6F8E00F54566 /* Build configuration list for PBXProject "hackinit2018-AI-Object-Detection-for-Blind" */;
			compatibilityVersion = "Xcode 9.3";
			developmentRegion = en;
			hasScannedForEncodings = 0;
			knownRegions = (
				en,
				Base,
			);
			mainGroup = CBD0BBAD20FC6F8E00F54566;
			productRefGroup = CBD0BBB720FC6F8E00F54566 /* Products */;
			projectDirPath = "";
			projectRoot = "";
			targets = (
				CBD0BBB520FC6F8E00F54566 /* hackinit2018-AI-Object-Detection-for-Blind */,
			);
		};
/* End PBXProject section */

/* Begin PBXResourcesBuildPhase section */
		CBD0BBB420FC6F8E00F54566 /* Resources */ = {
			isa = PBXResourcesBuildPhase;
			buildActionMask = 2147483647;
			files = (
				CBD0BBC420FC6F9100F54566 /* LaunchScreen.storyboard in Resources */,
				CBD0BBC120FC6F9100F54566 /* Assets.xcassets in Resources */,
				CBD0BBBF20FC6F8E00F54566 /* Main.storyboard in Resources */,
			);
			runOnlyForDeploymentPostprocessing = 0;
		};
/* End PBXResourcesBuildPhase section */

/* Begin PBXSourcesBuildPhase section */
		CBD0BBB220FC6F8E00F54566 /* Sources */ = {
			isa = PBXSourcesBuildPhase;
			buildActionMask = 2147483647;
			files = (
				CB84802A20FC7A2B0039978A /* TTSProcessor.swift in Sources */,
				CBD0BBBC20FC6F8E00F54566 /* CameraViewController.swift in Sources */,
				CB84802820FC75A70039978A /* ImageProcessor.swift in Sources */,
				CBD0BBBA20FC6F8E00F54566 /* AppDelegate.swift in Sources */,
			);
			runOnlyForDeploymentPostprocessing = 0;
		};
/* End PBXSourcesBuildPhase section */

/* Begin PBXVariantGroup section */
		CBD0BBBD20FC6F8E00F54566 /* Main.storyboard */ = {
			isa = PBXVariantGroup;
			children = (
				CBD0BBBE20FC6F8E00F54566 /* Base */,
			);
			name = Main.storyboard;
			sourceTree = "<group>";
		};
		CBD0BBC220FC6F9100F54566 /* LaunchScreen.storyboard */ = {
			isa = PBXVariantGroup;
			children = (
				CBD0BBC320FC6F9100F54566 /* Base */,
			);
			name = LaunchScreen.storyboard;
			sourceTree = "<group>";
		};
/* End PBXVariantGroup section */

/* Begin XCBuildConfiguration section */
		CBD0BBC620FC6F9100F54566 /* Debug */ = {
			isa = XCBuildConfiguration;
			buildSettings = {
				ALWAYS_SEARCH_USER_PATHS = NO;
				CLANG_ANALYZER_NONNULL = YES;
				CLANG_ANALYZER_NUMBER_OBJECT_CONVERSION = YES_AGGRESSIVE;
				CLANG_CXX_LANGUAGE_STANDARD = "gnu++14";
				CLANG_CXX_LIBRARY = "libc++";
				CLANG_ENABLE_MODULES = YES;
				CLANG_ENABLE_OBJC_ARC = YES;
				CLANG_ENABLE_OBJC_WEAK = YES;
				CLANG_WARN_BLOCK_CAPTURE_AUTORELEASING = YES;
				CLANG_WARN_BOOL_CONVERSION = YES;
				CLANG_WARN_COMMA = YES;
				CLANG_WARN_CONSTANT_CONVERSION = YES;
				CLANG_WARN_DEPRECATED_OBJC_IMPLEMENTATIONS = YES;
				CLANG_WARN_DIRECT_OBJC_ISA_USAGE = YES_ERROR;
				CLANG_WARN_DOCUMENTATION_COMMENTS = YES;
				CLANG_WARN_EMPTY_BODY = YES;
				CLANG_WARN_ENUM_CONVERSION = YES;
				CLANG_WARN_INFINITE_RECURSION = YES;
				CLANG_WARN_INT_CONVERSION = YES;
				CLANG_WARN_NON_LITERAL_NULL_CONVERSION = YES;
				CLANG_WARN_OBJC_IMPLICIT_RETAIN_SELF = YES;
				CLANG_WARN_OBJC_LITERAL_CONVERSION = YES;
				CLANG_WARN_OBJC_ROOT_CLASS = YES_ERROR;
				CLANG_WARN_RANGE_LOOP_ANALYSIS = YES;
				CLANG_WARN_STRICT_PROTOTYPES = YES;
				CLANG_WARN_SUSPICIOUS_MOVE = YES;
				CLANG_WARN_UNGUARDED_AVAILABILITY = YES_AGGRESSIVE;
				CLANG_WARN_UNREACHABLE_CODE = YES;
				CLANG_WARN__DUPLICATE_METHOD_MATCH = YES;
				CODE_SIGN_IDENTITY = "iPhone Developer";
				COPY_PHASE_STRIP = NO;
				DEBUG_INFORMATION_FORMAT = dwarf;
				ENABLE_STRICT_OBJC_MSGSEND = YES;
				ENABLE_TESTABILITY = YES;
				GCC_C_LANGUAGE_STANDARD = gnu11;
				GCC_DYNAMIC_NO_PIC = NO;
				GCC_NO_COMMON_BLOCKS = YES;
				GCC_OPTIMIZATION_LEVEL = 0;
				GCC_PREPROCESSOR_DEFINITIONS = (
					"DEBUG=1",
					"$(inherited)",
				);
				GCC_WARN_64_TO_32_BIT_CONVERSION = YES;
				GCC_WARN_ABOUT_RETURN_TYPE = YES_ERROR;
				GCC_WARN_UNDECLARED_SELECTOR = YES;
				GCC_WARN_UNINITIALIZED_AUTOS = YES_AGGRESSIVE;
				GCC_WARN_UNUSED_FUNCTION = YES;
				GCC_WARN_UNUSED_VARIABLE = YES;
				IPHONEOS_DEPLOYMENT_TARGET = 11.4;
				MTL_ENABLE_DEBUG_INFO = YES;
				ONLY_ACTIVE_ARCH = YES;
				SDKROOT = iphoneos;
				SWIFT_ACTIVE_COMPILATION_CONDITIONS = DEBUG;
				SWIFT_OPTIMIZATION_LEVEL = "-Onone";
			};
			name = Debug;
		};
		CBD0BBC720FC6F9100F54566 /* Release */ = {
			isa = XCBuildConfiguration;
			buildSettings = {
				ALWAYS_SEARCH_USER_PATHS = NO;
				CLANG_ANALYZER_NONNULL = YES;
				CLANG_ANALYZER_NUMBER_OBJECT_CONVERSION = YES_AGGRESSIVE;
				CLANG_CXX_LANGUAGE_STANDARD = "gnu++14";
				CLANG_CXX_LIBRARY = "libc++";
				CLANG_ENABLE_MODULES = YES;
				CLANG_ENABLE_OBJC_ARC = YES;
				CLANG_ENABLE_OBJC_WEAK = YES;
				CLANG_WARN_BLOCK_CAPTURE_AUTORELEASING = YES;
				CLANG_WARN_BOOL_CONVERSION = YES;
				CLANG_WARN_COMMA = YES;
				CLANG_WARN_CONSTANT_CONVERSION = YES;
				CLANG_WARN_DEPRECATED_OBJC_IMPLEMENTATIONS = YES;
				CLANG_WARN_DIRECT_OBJC_ISA_USAGE = YES_ERROR;
				CLANG_WARN_DOCUMENTATION_COMMENTS = YES;
				CLANG_WARN_EMPTY_BODY = YES;
				CLANG_WARN_ENUM_CONVERSION = YES;
				CLANG_WARN_INFINITE_RECURSION = YES;
				CLANG_WARN_INT_CONVERSION = YES;
				CLANG_WARN_NON_LITERAL_NULL_CONVERSION = YES;
				CLANG_WARN_OBJC_IMPLICIT_RETAIN_SELF = YES;
				CLANG_WARN_OBJC_LITERAL_CONVERSION = YES;
				CLANG_WARN_OBJC_ROOT_CLASS = YES_ERROR;
				CLANG_WARN_RANGE_LOOP_ANALYSIS = YES;
				CLANG_WARN_STRICT_PROTOTYPES = YES;
				CLANG_WARN_SUSPICIOUS_MOVE = YES;
				CLANG_WARN_UNGUARDED_AVAILABILITY = YES_AGGRESSIVE;
				CLANG_WARN_UNREACHABLE_CODE = YES;
				CLANG_WARN__DUPLICATE_METHOD_MATCH = YES;
				CODE_SIGN_IDENTITY = "iPhone Developer";
				COPY_PHASE_STRIP = NO;
				DEBUG_INFORMATION_FORMAT = "dwarf-with-dsym";
				ENABLE_NS_ASSERTIONS = NO;
				ENABLE_STRICT_OBJC_MSGSEND = YES;
				GCC_C_LANGUAGE_STANDARD = gnu11;
				GCC_NO_COMMON_BLOCKS = YES;
				GCC_WARN_64_TO_32_BIT_CONVERSION = YES;
				GCC_WARN_ABOUT_RETURN_TYPE = YES_ERROR;
				GCC_WARN_UNDECLARED_SELECTOR = YES;
				GCC_WARN_UNINITIALIZED_AUTOS = YES_AGGRESSIVE;
				GCC_WARN_UNUSED_FUNCTION = YES;
				GCC_WARN_UNUSED_VARIABLE = YES;
				IPHONEOS_DEPLOYMENT_TARGET = 11.4;
				MTL_ENABLE_DEBUG_INFO = NO;
				SDKROOT = iphoneos;
				SWIFT_COMPILATION_MODE = wholemodule;
				SWIFT_OPTIMIZATION_LEVEL = "-O";
				VALIDATE_PRODUCT = YES;
			};
			name = Release;
		};
		CBD0BBC920FC6F9100F54566 /* Debug */ = {
			isa = XCBuildConfiguration;
			buildSettings = {
				ASSETCATALOG_COMPILER_APPICON_NAME = AppIcon;
				CODE_SIGN_STYLE = Automatic;
				DEVELOPMENT_TEAM = 9AR968KZAA;
				INFOPLIST_FILE = "hackinit2018-AI-Object-Detection-for-Blind/Info.plist";
				LD_RUNPATH_SEARCH_PATHS = (
					"$(inherited)",
					"@executable_path/Frameworks",
				);
				PRODUCT_BUNDLE_IDENTIFIER = "com.maverick.hackinit2018-AI-Object-Detection-for-Blind";
				PRODUCT_NAME = "$(TARGET_NAME)";
				SWIFT_VERSION = 4.0;
				TARGETED_DEVICE_FAMILY = "1,2";
			};
			name = Debug;
		};
		CBD0BBCA20FC6F9100F54566 /* Release */ = {
			isa = XCBuildConfiguration;
			buildSettings = {
				ASSETCATALOG_COMPILER_APPICON_NAME = AppIcon;
				CODE_SIGN_STYLE = Automatic;
				DEVELOPMENT_TEAM = 9AR968KZAA;
				INFOPLIST_FILE = "hackinit2018-AI-Object-Detection-for-Blind/Info.plist";
				LD_RUNPATH_SEARCH_PATHS = (
					"$(inherited)",
					"@executable_path/Frameworks",
				);
				PRODUCT_BUNDLE_IDENTIFIER = "com.maverick.hackinit2018-AI-Object-Detection-for-Blind";
				PRODUCT_NAME = "$(TARGET_NAME)";
				SWIFT_VERSION = 4.0;
				TARGETED_DEVICE_FAMILY = "1,2";
			};
			name = Release;
		};
/* End XCBuildConfiguration section */

/* Begin XCConfigurationList section */
		CBD0BBB120FC6F8E00F54566 /* Build configuration list for PBXProject "hackinit2018-AI-Object-Detection-for-Blind" */ = {
			isa = XCConfigurationList;
			buildConfigurations = (
				CBD0BBC620FC6F9100F54566 /* Debug */,
				CBD0BBC720FC6F9100F54566 /* Release */,
			);
			defaultConfigurationIsVisible = 0;
			defaultConfigurationName = Release;
		};
		CBD0BBC820FC6F9100F54566 /* Build configuration list for PBXNativeTarget "hackinit2018-AI-Object-Detection-for-Blind" */ = {
			isa = XCConfigurationList;
			buildConfigurations = (
				CBD0BBC920FC6F9100F54566 /* Debug */,
				CBD0BBCA20FC6F9100F54566 /* Release */,
			);
			defaultConfigurationIsVisible = 0;
			defaultConfigurationName = Release;
		};
/* End XCConfigurationList section */
	};
	rootObject = CBD0BBAE20FC6F8E00F54566 /* Project object */;
}
